<?xml version="1.0" encoding="utf-8"?>
<Project ToolsVersion="4.0" xmlns="http://schemas.microsoft.com/developer/msbuild/2003">
  <ItemGroup>
    <Filter Include="Source Files">
      <UniqueIdentifier>{4FC737F1-C7A5-4376-A066-2A32D752A2FF}</UniqueIdentifier>
      <Extensions>cpp;c;cc;cxx;def;odl;idl;hpj;bat;asm;asmx</Extensions>
    </Filter>
    <Filter Include="Header Files">
      <UniqueIdentifier>{93995380-89BD-4b04-88EB-625FBE52EBFB}</UniqueIdentifier>
      <Extensions>h;hpp;hxx;hm;inl;inc;xsd</Extensions>
    </Filter>
    <Filter Include="Resource Files">
      <UniqueIdentifier>{67DA6AB6-F800-4c08-8B7A-83BB121AAD01}</UniqueIdentifier>
      <Extensions>rc;ico;cur;bmp;dlg;rc2;rct;bin;rgs;gif;jpg;jpeg;jpe;resx;tiff;tif;png;wav;mfcribbon-ms</Extensions>
    </Filter>
    <Filter Include="Shader Files">
      <UniqueIdentifier>{52ea34d2-305d-4223-a7b6-4dc670d04bf5}</UniqueIdentifier>
      <Extensions>fx;</Extensions>
    </Filter>
    <Filter Include="Networking Files">
      <UniqueIdentifier>{6628257d-4bc9-4ac7-af9a-306f4a03cd0a}</UniqueIdentifier>
    </Filter>
  </ItemGroup>
  <ItemGroup>
    <ClCompile Include="clickable_button.cpp">
      <Filter>Source Files</Filter>
    </ClCompile>
    <ClCompile Include="d3dApp.cpp">
      <Filter>Source Files</Filter>
    </ClCompile>
    <ClCompile Include="game_board.cpp">
      <Filter>Source Files</Filter>
    </ClCompile>
    <ClCompile Include="game_manager.cpp">
      <Filter>Source Files</Filter>
    </ClCompile>
    <ClCompile Include="GameTimer.cpp">
      <Filter>Source Files</Filter>
    </ClCompile>
    <ClCompile Include="keyboard_input.cpp">
      <Filter>Source Files</Filter>
    </ClCompile>
    <ClCompile Include="menu.cpp">
      <Filter>Source Files</Filter>
    </ClCompile>
    <ClCompile Include="mouse_input.cpp">
      <Filter>Source Files</Filter>
    </ClCompile>
    <ClCompile Include="player_snake.cpp">
      <Filter>Source Files</Filter>
    </ClCompile>
    <ClCompile Include="point_sprite.cpp">
      <Filter>Source Files</Filter>
    </ClCompile>
    <ClCompile Include="services.cpp">
      <Filter>Source Files</Filter>
    </ClCompile>
    <ClCompile Include="snake_application.cpp">
      <Filter>Source Files</Filter>
    </ClCompile>
    <ClCompile Include="snake_game.cpp">
      <Filter>Source Files</Filter>
    </ClCompile>
    <ClCompile Include="snake_unit.cpp">
      <Filter>Source Files</Filter>
    </ClCompile>
    <ClCompile Include="static_text.cpp">
      <Filter>Source Files</Filter>
    </ClCompile>
    <ClCompile Include="text_box.cpp">
      <Filter>Source Files</Filter>
    </ClCompile>
    <ClCompile Include="Network.cpp">
      <Filter>Networking Files</Filter>
    </ClCompile>
    <ClCompile Include="Operator.cpp">
      <Filter>Networking Files</Filter>
    </ClCompile>
  </ItemGroup>
  <ItemGroup>
    <ClInclude Include="clickable_button.h">
      <Filter>Header Files</Filter>
    </ClInclude>
    <ClInclude Include="d3dApp.h">
      <Filter>Header Files</Filter>
    </ClInclude>
    <ClInclude Include="d3dUtil.h">
      <Filter>Header Files</Filter>
    </ClInclude>
    <ClInclude Include="game_board.h">
      <Filter>Header Files</Filter>
    </ClInclude>
    <ClInclude Include="game_manager.h">
      <Filter>Header Files</Filter>
    </ClInclude>
    <ClInclude Include="GameTimer.h">
      <Filter>Header Files</Filter>
    </ClInclude>
    <ClInclude Include="grid_point.h">
      <Filter>Header Files</Filter>
    </ClInclude>
    <ClInclude Include="keyboard_input.h">
      <Filter>Header Files</Filter>
    </ClInclude>
    <ClInclude Include="menu.h">
      <Filter>Header Files</Filter>
    </ClInclude>
    <ClInclude Include="mouse_input.h">
      <Filter>Header Files</Filter>
    </ClInclude>
    <ClInclude Include="player_snake.h">
      <Filter>Header Files</Filter>
    </ClInclude>
    <ClInclude Include="point_sprite.h">
      <Filter>Header Files</Filter>
    </ClInclude>
    <ClInclude Include="services.h">
      <Filter>Header Files</Filter>
    </ClInclude>
    <ClInclude Include="snake_game.h">
      <Filter>Header Files</Filter>
    </ClInclude>
    <ClInclude Include="snake_unit.h">
      <Filter>Header Files</Filter>
    </ClInclude>
    <ClInclude Include="static_text.h">
      <Filter>Header Files</Filter>
    </ClInclude>
    <ClInclude Include="text_box.h">
      <Filter>Header Files</Filter>
    </ClInclude>
    <ClInclude Include="Network.h">
      <Filter>Networking Files</Filter>
    </ClInclude>
    <ClInclude Include="Operator.h">
      <Filter>Networking Files</Filter>
    </ClInclude>
    <ClInclude Include="User.h">
      <Filter>Networking Files</Filter>
    </ClInclude>
  </ItemGroup>
  <ItemGroup>
    <None Include="assets\shaders\point_sprite_shader.fx">
      <Filter>Shader Files</Filter>
    </None>
  </ItemGroup>
</Project>